// !$*UTF8*$!
{
	archiveVersion = 1;
	classes = {
	};
	objectVersion = 56;
	objects = {

/* Begin PBXBuildFile section */
		0D6DA7142A58A4CF001BF503 /* AppDelegate.swift in Sources */ = {isa = PBXBuildFile; fileRef = 0D6DA7132A58A4CF001BF503 /* AppDelegate.swift */; };
		0D6DA7162A58A4CF001BF503 /* SceneDelegate.swift in Sources */ = {isa = PBXBuildFile; fileRef = 0D6DA7152A58A4CF001BF503 /* SceneDelegate.swift */; };
		0D6DA7182A58A4CF001BF503 /* CalculatorViewController.swift in Sources */ = {isa = PBXBuildFile; fileRef = 0D6DA7172A58A4CF001BF503 /* CalculatorViewController.swift */; };
		0D6DA71D2A58A4D0001BF503 /* Assets.xcassets in Resources */ = {isa = PBXBuildFile; fileRef = 0D6DA71C2A58A4D0001BF503 /* Assets.xcassets */; };
		0D6DA7202A58A4D0001BF503 /* LaunchScreen.storyboard in Resources */ = {isa = PBXBuildFile; fileRef = 0D6DA71E2A58A4D0001BF503 /* LaunchScreen.storyboard */; };
		0D6DA72B2A58A4D1001BF503 /* CalculatorAppTests.swift in Sources */ = {isa = PBXBuildFile; fileRef = 0D6DA72A2A58A4D1001BF503 /* CalculatorAppTests.swift */; };
		0D6DA7352A58A4D1001BF503 /* CalculatorAppUITests.swift in Sources */ = {isa = PBXBuildFile; fileRef = 0D6DA7342A58A4D1001BF503 /* CalculatorAppUITests.swift */; };
		0D6DA7372A58A4D1001BF503 /* CalculatorAppUITestsLaunchTests.swift in Sources */ = {isa = PBXBuildFile; fileRef = 0D6DA7362A58A4D1001BF503 /* CalculatorAppUITestsLaunchTests.swift */; };
		0D6DA74F2A593DAC001BF503 /* CalculatorButton.swift in Sources */ = {isa = PBXBuildFile; fileRef = 0D6DA74E2A593DAC001BF503 /* CalculatorButton.swift */; };
		0D6DA7512A593DD7001BF503 /* CalculateButtonViewModel.swift in Sources */ = {isa = PBXBuildFile; fileRef = 0D6DA7502A593DD7001BF503 /* CalculateButtonViewModel.swift */; };
		0D6DA7532A593E0F001BF503 /* ButtonCell.swift in Sources */ = {isa = PBXBuildFile; fileRef = 0D6DA7522A593E0F001BF503 /* ButtonCell.swift */; };
		0D6DA7552A593E28001BF503 /* HeaderCell.swift in Sources */ = {isa = PBXBuildFile; fileRef = 0D6DA7542A593E28001BF503 /* HeaderCell.swift */; };
/* End PBXBuildFile section */

/* Begin PBXContainerItemProxy section */
		0D6DA7272A58A4D1001BF503 /* PBXContainerItemProxy */ = {
			isa = PBXContainerItemProxy;
			containerPortal = 0D6DA7082A58A4CF001BF503 /* Project object */;
			proxyType = 1;
			remoteGlobalIDString = 0D6DA70F2A58A4CF001BF503;
			remoteInfo = CalculatorApp;
		};
		0D6DA7312A58A4D1001BF503 /* PBXContainerItemProxy */ = {
			isa = PBXContainerItemProxy;
			containerPortal = 0D6DA7082A58A4CF001BF503 /* Project object */;
			proxyType = 1;
			remoteGlobalIDString = 0D6DA70F2A58A4CF001BF503;
			remoteInfo = CalculatorApp;
		};
/* End PBXContainerItemProxy section */

/* Begin PBXFileReference section */
		0D6DA7102A58A4CF001BF503 /* CalculatorApp.app */ = {isa = PBXFileReference; explicitFileType = wrapper.application; includeInIndex = 0; path = CalculatorApp.app; sourceTree = BUILT_PRODUCTS_DIR; };
		0D6DA7132A58A4CF001BF503 /* AppDelegate.swift */ = {isa = PBXFileReference; lastKnownFileType = sourcecode.swift; path = AppDelegate.swift; sourceTree = "<group>"; };
		0D6DA7152A58A4CF001BF503 /* SceneDelegate.swift */ = {isa = PBXFileReference; lastKnownFileType = sourcecode.swift; path = SceneDelegate.swift; sourceTree = "<group>"; };
		0D6DA7172A58A4CF001BF503 /* CalculatorViewController.swift */ = {isa = PBXFileReference; lastKnownFileType = sourcecode.swift; path = CalculatorViewController.swift; sourceTree = "<group>"; };
		0D6DA71C2A58A4D0001BF503 /* Assets.xcassets */ = {isa = PBXFileReference; lastKnownFileType = folder.assetcatalog; path = Assets.xcassets; sourceTree = "<group>"; };
		0D6DA71F2A58A4D0001BF503 /* Base */ = {isa = PBXFileReference; lastKnownFileType = file.storyboard; name = Base; path = Base.lproj/LaunchScreen.storyboard; sourceTree = "<group>"; };
		0D6DA7212A58A4D0001BF503 /* Info.plist */ = {isa = PBXFileReference; lastKnownFileType = text.plist.xml; path = Info.plist; sourceTree = "<group>"; };
		0D6DA7262A58A4D1001BF503 /* CalculatorAppTests.xctest */ = {isa = PBXFileReference; explicitFileType = wrapper.cfbundle; includeInIndex = 0; path = CalculatorAppTests.xctest; sourceTree = BUILT_PRODUCTS_DIR; };
		0D6DA72A2A58A4D1001BF503 /* CalculatorAppTests.swift */ = {isa = PBXFileReference; lastKnownFileType = sourcecode.swift; path = CalculatorAppTests.swift; sourceTree = "<group>"; };
		0D6DA7302A58A4D1001BF503 /* CalculatorAppUITests.xctest */ = {isa = PBXFileReference; explicitFileType = wrapper.cfbundle; includeInIndex = 0; path = CalculatorAppUITests.xctest; sourceTree = BUILT_PRODUCTS_DIR; };
		0D6DA7342A58A4D1001BF503 /* CalculatorAppUITests.swift */ = {isa = PBXFileReference; lastKnownFileType = sourcecode.swift; path = CalculatorAppUITests.swift; sourceTree = "<group>"; };
		0D6DA7362A58A4D1001BF503 /* CalculatorAppUITestsLaunchTests.swift */ = {isa = PBXFileReference; lastKnownFileType = sourcecode.swift; path = CalculatorAppUITestsLaunchTests.swift; sourceTree = "<group>"; };
		0D6DA74E2A593DAC001BF503 /* CalculatorButton.swift */ = {isa = PBXFileReference; lastKnownFileType = sourcecode.swift; path = CalculatorButton.swift; sourceTree = "<group>"; };
		0D6DA7502A593DD7001BF503 /* CalculateButtonViewModel.swift */ = {isa = PBXFileReference; lastKnownFileType = sourcecode.swift; path = CalculateButtonViewModel.swift; sourceTree = "<group>"; };
		0D6DA7522A593E0F001BF503 /* ButtonCell.swift */ = {isa = PBXFileReference; lastKnownFileType = sourcecode.swift; path = ButtonCell.swift; sourceTree = "<group>"; };
		0D6DA7542A593E28001BF503 /* HeaderCell.swift */ = {isa = PBXFileReference; lastKnownFileType = sourcecode.swift; path = HeaderCell.swift; sourceTree = "<group>"; };
/* End PBXFileReference section */

/* Begin PBXFrameworksBuildPhase section */
		0D6DA70D2A58A4CF001BF503 /* Frameworks */ = {
			isa = PBXFrameworksBuildPhase;
			buildActionMask = 2147483647;
			files = (
			);
			runOnlyForDeploymentPostprocessing = 0;
		};
		0D6DA7232A58A4D1001BF503 /* Frameworks */ = {
			isa = PBXFrameworksBuildPhase;
			buildActionMask = 2147483647;
			files = (
			);
			runOnlyForDeploymentPostprocessing = 0;
		};
		0D6DA72D2A58A4D1001BF503 /* Frameworks */ = {
			isa = PBXFrameworksBuildPhase;
			buildActionMask = 2147483647;
			files = (
			);
			runOnlyForDeploymentPostprocessing = 0;
		};
/* End PBXFrameworksBuildPhase section */

/* Begin PBXGroup section */
		0D6DA7072A58A4CF001BF503 = {
			isa = PBXGroup;
			children = (
				0D6DA7122A58A4CF001BF503 /* CalculatorApp */,
				0D6DA7292A58A4D1001BF503 /* CalculatorAppTests */,
				0D6DA7332A58A4D1001BF503 /* CalculatorAppUITests */,
				0D6DA7112A58A4CF001BF503 /* Products */,
			);
			sourceTree = "<group>";
		};
		0D6DA7112A58A4CF001BF503 /* Products */ = {
			isa = PBXGroup;
			children = (
				0D6DA7102A58A4CF001BF503 /* CalculatorApp.app */,
				0D6DA7262A58A4D1001BF503 /* CalculatorAppTests.xctest */,
				0D6DA7302A58A4D1001BF503 /* CalculatorAppUITests.xctest */,
			);
			name = Products;
			sourceTree = "<group>";
		};
		0D6DA7122A58A4CF001BF503 /* CalculatorApp */ = {
			isa = PBXGroup;
			children = (
				0D6DA7432A593BB5001BF503 /* Features */,
				0D6DA7132A58A4CF001BF503 /* AppDelegate.swift */,
				0D6DA7152A58A4CF001BF503 /* SceneDelegate.swift */,
				0D6DA7172A58A4CF001BF503 /* CalculatorViewController.swift */,
				0D6DA71C2A58A4D0001BF503 /* Assets.xcassets */,
				0D6DA71E2A58A4D0001BF503 /* LaunchScreen.storyboard */,
				0D6DA7212A58A4D0001BF503 /* Info.plist */,
			);
			path = CalculatorApp;
			sourceTree = "<group>";
		};
		0D6DA7292A58A4D1001BF503 /* CalculatorAppTests */ = {
			isa = PBXGroup;
			children = (
				0D6DA72A2A58A4D1001BF503 /* CalculatorAppTests.swift */,
			);
			path = CalculatorAppTests;
			sourceTree = "<group>";
		};
		0D6DA7332A58A4D1001BF503 /* CalculatorAppUITests */ = {
			isa = PBXGroup;
			children = (
				0D6DA7342A58A4D1001BF503 /* CalculatorAppUITests.swift */,
				0D6DA7362A58A4D1001BF503 /* CalculatorAppUITestsLaunchTests.swift */,
			);
			path = CalculatorAppUITests;
			sourceTree = "<group>";
		};
		0D6DA7432A593BB5001BF503 /* Features */ = {
			isa = PBXGroup;
			children = (
				0D6DA7462A593CB9001BF503 /* CalculatorScreen */,
				0D6DA7452A593C76001BF503 /* CalculateButtons */,
			);
			path = Features;
			sourceTree = "<group>";
		};
		0D6DA7452A593C76001BF503 /* CalculateButtons */ = {
			isa = PBXGroup;
			children = (
				0D6DA7492A593D4F001BF503 /* Views */,
				0D6DA7482A593D49001BF503 /* ViewModel */,
				0D6DA7472A593D42001BF503 /* Model */,
			);
			path = CalculateButtons;
			sourceTree = "<group>";
		};
		0D6DA7462A593CB9001BF503 /* CalculatorScreen */ = {
			isa = PBXGroup;
			children = (
				0D6DA74D2A593D78001BF503 /* View */,
				0D6DA74B2A593D67001BF503 /* ViewModel */,
				0D6DA74A2A593D5F001BF503 /* Model */,
			);
			path = CalculatorScreen;
			sourceTree = "<group>";
		};
		0D6DA7472A593D42001BF503 /* Model */ = {
			isa = PBXGroup;
			children = (
				0D6DA74E2A593DAC001BF503 /* CalculatorButton.swift */,
			);
			path = Model;
			sourceTree = "<group>";
		};
		0D6DA7482A593D49001BF503 /* ViewModel */ = {
			isa = PBXGroup;
			children = (
				0D6DA7502A593DD7001BF503 /* CalculateButtonViewModel.swift */,
			);
			path = ViewModel;
			sourceTree = "<group>";
		};
		0D6DA7492A593D4F001BF503 /* Views */ = {
			isa = PBXGroup;
			children = (
				0D6DA7522A593E0F001BF503 /* ButtonCell.swift */,
			);
			path = Views;
			sourceTree = "<group>";
		};
		0D6DA74A2A593D5F001BF503 /* Model */ = {
			isa = PBXGroup;
			children = (
			);
			path = Model;
			sourceTree = "<group>";
		};
		0D6DA74B2A593D67001BF503 /* ViewModel */ = {
			isa = PBXGroup;
			children = (
			);
			path = ViewModel;
			sourceTree = "<group>";
		};
		0D6DA74D2A593D78001BF503 /* View */ = {
			isa = PBXGroup;
			children = (
				0D6DA7542A593E28001BF503 /* HeaderCell.swift */,
			);
			path = View;
			sourceTree = "<group>";
		};
/* End PBXGroup section */

/* Begin PBXNativeTarget section */
		0D6DA70F2A58A4CF001BF503 /* CalculatorApp */ = {
			isa = PBXNativeTarget;
			buildConfigurationList = 0D6DA73A2A58A4D1001BF503 /* Build configuration list for PBXNativeTarget "CalculatorApp" */;
			buildPhases = (
				0D6DA70C2A58A4CF001BF503 /* Sources */,
				0D6DA70D2A58A4CF001BF503 /* Frameworks */,
				0D6DA70E2A58A4CF001BF503 /* Resources */,
			);
			buildRules = (
			);
			dependencies = (
			);
			name = CalculatorApp;
			productName = CalculatorApp;
			productReference = 0D6DA7102A58A4CF001BF503 /* CalculatorApp.app */;
			productType = "com.apple.product-type.application";
		};
		0D6DA7252A58A4D1001BF503 /* CalculatorAppTests */ = {
			isa = PBXNativeTarget;
			buildConfigurationList = 0D6DA73D2A58A4D1001BF503 /* Build configuration list for PBXNativeTarget "CalculatorAppTests" */;
			buildPhases = (
				0D6DA7222A58A4D1001BF503 /* Sources */,
				0D6DA7232A58A4D1001BF503 /* Frameworks */,
				0D6DA7242A58A4D1001BF503 /* Resources */,
			);
			buildRules = (
			);
			dependencies = (
				0D6DA7282A58A4D1001BF503 /* PBXTargetDependency */,
			);
			name = CalculatorAppTests;
			productName = CalculatorAppTests;
			productReference = 0D6DA7262A58A4D1001BF503 /* CalculatorAppTests.xctest */;
			productType = "com.apple.product-type.bundle.unit-test";
		};
		0D6DA72F2A58A4D1001BF503 /* CalculatorAppUITests */ = {
			isa = PBXNativeTarget;
			buildConfigurationList = 0D6DA7402A58A4D1001BF503 /* Build configuration list for PBXNativeTarget "CalculatorAppUITests" */;
			buildPhases = (
				0D6DA72C2A58A4D1001BF503 /* Sources */,
				0D6DA72D2A58A4D1001BF503 /* Frameworks */,
				0D6DA72E2A58A4D1001BF503 /* Resources */,
			);
			buildRules = (
			);
			dependencies = (
				0D6DA7322A58A4D1001BF503 /* PBXTargetDependency */,
			);
			name = CalculatorAppUITests;
			productName = CalculatorAppUITests;
			productReference = 0D6DA7302A58A4D1001BF503 /* CalculatorAppUITests.xctest */;
			productType = "com.apple.product-type.bundle.ui-testing";
		};
/* End PBXNativeTarget section */

/* Begin PBXProject section */
		0D6DA7082A58A4CF001BF503 /* Project object */ = {
			isa = PBXProject;
			attributes = {
				BuildIndependentTargetsInParallel = 1;
				LastSwiftUpdateCheck = 1430;
				LastUpgradeCheck = 1430;
				TargetAttributes = {
					0D6DA70F2A58A4CF001BF503 = {
						CreatedOnToolsVersion = 14.3.1;
					};
					0D6DA7252A58A4D1001BF503 = {
						CreatedOnToolsVersion = 14.3.1;
						TestTargetID = 0D6DA70F2A58A4CF001BF503;
					};
					0D6DA72F2A58A4D1001BF503 = {
						CreatedOnToolsVersion = 14.3.1;
						TestTargetID = 0D6DA70F2A58A4CF001BF503;
					};
				};
			};
			buildConfigurationList = 0D6DA70B2A58A4CF001BF503 /* Build configuration list for PBXProject "CalculatorApp" */;
			compatibilityVersion = "Xcode 14.0";
			developmentRegion = en;
			hasScannedForEncodings = 0;
			knownRegions = (
				en,
				Base,
			);
			mainGroup = 0D6DA7072A58A4CF001BF503;
			productRefGroup = 0D6DA7112A58A4CF001BF503 /* Products */;
			projectDirPath = "";
			projectRoot = "";
			targets = (
				0D6DA70F2A58A4CF001BF503 /* CalculatorApp */,
				0D6DA7252A58A4D1001BF503 /* CalculatorAppTests */,
				0D6DA72F2A58A4D1001BF503 /* CalculatorAppUITests */,
			);
		};
/* End PBXProject section */

/* Begin PBXResourcesBuildPhase section */
		0D6DA70E2A58A4CF001BF503 /* Resources */ = {
			isa = PBXResourcesBuildPhase;
			buildActionMask = 2147483647;
			files = (
				0D6DA7202A58A4D0001BF503 /* LaunchScreen.storyboard in Resources */,
				0D6DA71D2A58A4D0001BF503 /* Assets.xcassets in Resources */,
			);
			runOnlyForDeploymentPostprocessing = 0;
		};
		0D6DA7242A58A4D1001BF503 /* Resources */ = {
			isa = PBXResourcesBuildPhase;
			buildActionMask = 2147483647;
			files = (
			);
			runOnlyForDeploymentPostprocessing = 0;
		};
		0D6DA72E2A58A4D1001BF503 /* Resources */ = {
			isa = PBXResourcesBuildPhase;
			buildActionMask = 2147483647;
			files = (
			);
			runOnlyForDeploymentPostprocessing = 0;
		};
/* End PBXResourcesBuildPhase section */

/* Begin PBXSourcesBuildPhase section */
		0D6DA70C2A58A4CF001BF503 /* Sources */ = {
			isa = PBXSourcesBuildPhase;
			buildActionMask = 2147483647;
			files = (
				0D6DA7182A58A4CF001BF503 /* CalculatorViewController.swift in Sources */,
				0D6DA7142A58A4CF001BF503 /* AppDelegate.swift in Sources */,
				0D6DA7512A593DD7001BF503 /* CalculateButtonViewModel.swift in Sources */,
				0D6DA7162A58A4CF001BF503 /* SceneDelegate.swift in Sources */,
				0D6DA7532A593E0F001BF503 /* ButtonCell.swift in Sources */,
				0D6DA74F2A593DAC001BF503 /* CalculatorButton.swift in Sources */,
				0D6DA7552A593E28001BF503 /* HeaderCell.swift in Sources */,
			);
			runOnlyForDeploymentPostprocessing = 0;
		};
		0D6DA7222A58A4D1001BF503 /* Sources */ = {
			isa = PBXSourcesBuildPhase;
			buildActionMask = 2147483647;
			files = (
				0D6DA72B2A58A4D1001BF503 /* CalculatorAppTests.swift in Sources */,
			);
			runOnlyForDeploymentPostprocessing = 0;
		};
		0D6DA72C2A58A4D1001BF503 /* Sources */ = {
			isa = PBXSourcesBuildPhase;
			buildActionMask = 2147483647;
			files = (
				0D6DA7372A58A4D1001BF503 /* CalculatorAppUITestsLaunchTests.swift in Sources */,
				0D6DA7352A58A4D1001BF503 /* CalculatorAppUITests.swift in Sources */,
			);
			runOnlyForDeploymentPostprocessing = 0;
		};
/* End PBXSourcesBuildPhase section */

/* Begin PBXTargetDependency section */
		0D6DA7282A58A4D1001BF503 /* PBXTargetDependency */ = {
			isa = PBXTargetDependency;
			target = 0D6DA70F2A58A4CF001BF503 /* CalculatorApp */;
			targetProxy = 0D6DA7272A58A4D1001BF503 /* PBXContainerItemProxy */;
		};
		0D6DA7322A58A4D1001BF503 /* PBXTargetDependency */ = {
			isa = PBXTargetDependency;
			target = 0D6DA70F2A58A4CF001BF503 /* CalculatorApp */;
			targetProxy = 0D6DA7312A58A4D1001BF503 /* PBXContainerItemProxy */;
		};
/* End PBXTargetDependency section */

/* Begin PBXVariantGroup section */
		0D6DA71E2A58A4D0001BF503 /* LaunchScreen.storyboard */ = {
			isa = PBXVariantGroup;
			children = (
				0D6DA71F2A58A4D0001BF503 /* Base */,
			);
			name = LaunchScreen.storyboard;
			sourceTree = "<group>";
		};
/* End PBXVariantGroup section */

/* Begin XCBuildConfiguration section */
		0D6DA7382A58A4D1001BF503 /* Debug */ = {
			isa = XCBuildConfiguration;
			buildSettings = {
				ALWAYS_SEARCH_USER_PATHS = NO;
				CLANG_ANALYZER_NONNULL = YES;
				CLANG_ANALYZER_NUMBER_OBJECT_CONVERSION = YES_AGGRESSIVE;
				CLANG_CXX_LANGUAGE_STANDARD = "gnu++20";
				CLANG_ENABLE_MODULES = YES;
				CLANG_ENABLE_OBJC_ARC = YES;
				CLANG_ENABLE_OBJC_WEAK = YES;
				CLANG_WARN_BLOCK_CAPTURE_AUTORELEASING = YES;
				CLANG_WARN_BOOL_CONVERSION = YES;
				CLANG_WARN_COMMA = YES;
				CLANG_WARN_CONSTANT_CONVERSION = YES;
				CLANG_WARN_DEPRECATED_OBJC_IMPLEMENTATIONS = YES;
				CLANG_WARN_DIRECT_OBJC_ISA_USAGE = YES_ERROR;
				CLANG_WARN_DOCUMENTATION_COMMENTS = YES;
				CLANG_WARN_EMPTY_BODY = YES;
				CLANG_WARN_ENUM_CONVERSION = YES;
				CLANG_WARN_INFINITE_RECURSION = YES;
				CLANG_WARN_INT_CONVERSION = YES;
				CLANG_WARN_NON_LITERAL_NULL_CONVERSION = YES;
				CLANG_WARN_OBJC_IMPLICIT_RETAIN_SELF = YES;
				CLANG_WARN_OBJC_LITERAL_CONVERSION = YES;
				CLANG_WARN_OBJC_ROOT_CLASS = YES_ERROR;
				CLANG_WARN_QUOTED_INCLUDE_IN_FRAMEWORK_HEADER = YES;
				CLANG_WARN_RANGE_LOOP_ANALYSIS = YES;
				CLANG_WARN_STRICT_PROTOTYPES = YES;
				CLANG_WARN_SUSPICIOUS_MOVE = YES;
				CLANG_WARN_UNGUARDED_AVAILABILITY = YES_AGGRESSIVE;
				CLANG_WARN_UNREACHABLE_CODE = YES;
				CLANG_WARN__DUPLICATE_METHOD_MATCH = YES;
				COPY_PHASE_STRIP = NO;
				DEBUG_INFORMATION_FORMAT = dwarf;
				ENABLE_STRICT_OBJC_MSGSEND = YES;
				ENABLE_TESTABILITY = YES;
				GCC_C_LANGUAGE_STANDARD = gnu11;
				GCC_DYNAMIC_NO_PIC = NO;
				GCC_NO_COMMON_BLOCKS = YES;
				GCC_OPTIMIZATION_LEVEL = 0;
				GCC_PREPROCESSOR_DEFINITIONS = (
					"DEBUG=1",
					"$(inherited)",
				);
				GCC_WARN_64_TO_32_BIT_CONVERSION = YES;
				GCC_WARN_ABOUT_RETURN_TYPE = YES_ERROR;
				GCC_WARN_UNDECLARED_SELECTOR = YES;
				GCC_WARN_UNINITIALIZED_AUTOS = YES_AGGRESSIVE;
				GCC_WARN_UNUSED_FUNCTION = YES;
				GCC_WARN_UNUSED_VARIABLE = YES;
				IPHONEOS_DEPLOYMENT_TARGET = 16.4;
				MTL_ENABLE_DEBUG_INFO = INCLUDE_SOURCE;
				MTL_FAST_MATH = YES;
				ONLY_ACTIVE_ARCH = YES;
				SDKROOT = iphoneos;
				SWIFT_ACTIVE_COMPILATION_CONDITIONS = DEBUG;
				SWIFT_OPTIMIZATION_LEVEL = "-Onone";
			};
			name = Debug;
		};
		0D6DA7392A58A4D1001BF503 /* Release */ = {
			isa = XCBuildConfiguration;
			buildSettings = {
				ALWAYS_SEARCH_USER_PATHS = NO;
				CLANG_ANALYZER_NONNULL = YES;
				CLANG_ANALYZER_NUMBER_OBJECT_CONVERSION = YES_AGGRESSIVE;
				CLANG_CXX_LANGUAGE_STANDARD = "gnu++20";
				CLANG_ENABLE_MODULES = YES;
				CLANG_ENABLE_OBJC_ARC = YES;
				CLANG_ENABLE_OBJC_WEAK = YES;
				CLANG_WARN_BLOCK_CAPTURE_AUTORELEASING = YES;
				CLANG_WARN_BOOL_CONVERSION = YES;
				CLANG_WARN_COMMA = YES;
				CLANG_WARN_CONSTANT_CONVERSION = YES;
				CLANG_WARN_DEPRECATED_OBJC_IMPLEMENTATIONS = YES;
				CLANG_WARN_DIRECT_OBJC_ISA_USAGE = YES_ERROR;
				CLANG_WARN_DOCUMENTATION_COMMENTS = YES;
				CLANG_WARN_EMPTY_BODY = YES;
				CLANG_WARN_ENUM_CONVERSION = YES;
				CLANG_WARN_INFINITE_RECURSION = YES;
				CLANG_WARN_INT_CONVERSION = YES;
				CLANG_WARN_NON_LITERAL_NULL_CONVERSION = YES;
				CLANG_WARN_OBJC_IMPLICIT_RETAIN_SELF = YES;
				CLANG_WARN_OBJC_LITERAL_CONVERSION = YES;
				CLANG_WARN_OBJC_ROOT_CLASS = YES_ERROR;
				CLANG_WARN_QUOTED_INCLUDE_IN_FRAMEWORK_HEADER = YES;
				CLANG_WARN_RANGE_LOOP_ANALYSIS = YES;
				CLANG_WARN_STRICT_PROTOTYPES = YES;
				CLANG_WARN_SUSPICIOUS_MOVE = YES;
				CLANG_WARN_UNGUARDED_AVAILABILITY = YES_AGGRESSIVE;
				CLANG_WARN_UNREACHABLE_CODE = YES;
				CLANG_WARN__DUPLICATE_METHOD_MATCH = YES;
				COPY_PHASE_STRIP = NO;
				DEBUG_INFORMATION_FORMAT = "dwarf-with-dsym";
				ENABLE_NS_ASSERTIONS = NO;
				ENABLE_STRICT_OBJC_MSGSEND = YES;
				GCC_C_LANGUAGE_STANDARD = gnu11;
				GCC_NO_COMMON_BLOCKS = YES;
				GCC_WARN_64_TO_32_BIT_CONVERSION = YES;
				GCC_WARN_ABOUT_RETURN_TYPE = YES_ERROR;
				GCC_WARN_UNDECLARED_SELECTOR = YES;
				GCC_WARN_UNINITIALIZED_AUTOS = YES_AGGRESSIVE;
				GCC_WARN_UNUSED_FUNCTION = YES;
				GCC_WARN_UNUSED_VARIABLE = YES;
				IPHONEOS_DEPLOYMENT_TARGET = 16.4;
				MTL_ENABLE_DEBUG_INFO = NO;
				MTL_FAST_MATH = YES;
				SDKROOT = iphoneos;
				SWIFT_COMPILATION_MODE = wholemodule;
				SWIFT_OPTIMIZATION_LEVEL = "-O";
				VALIDATE_PRODUCT = YES;
			};
			name = Release;
		};
		0D6DA73B2A58A4D1001BF503 /* Debug */ = {
			isa = XCBuildConfiguration;
			buildSettings = {
				ASSETCATALOG_COMPILER_APPICON_NAME = AppIcon;
				ASSETCATALOG_COMPILER_GLOBAL_ACCENT_COLOR_NAME = AccentColor;
				CODE_SIGN_STYLE = Automatic;
				CURRENT_PROJECT_VERSION = 1;
				DEVELOPMENT_TEAM = M7F6RW5JGM;
				GENERATE_INFOPLIST_FILE = YES;
				INFOPLIST_FILE = CalculatorApp/Info.plist;
				INFOPLIST_KEY_UIApplicationSupportsIndirectInputEvents = YES;
				INFOPLIST_KEY_UILaunchStoryboardName = LaunchScreen;
				INFOPLIST_KEY_UISupportedInterfaceOrientations_iPad = "UIInterfaceOrientationPortrait UIInterfaceOrientationPortraitUpsideDown UIInterfaceOrientationLandscapeLeft UIInterfaceOrientationLandscapeRight";
				INFOPLIST_KEY_UISupportedInterfaceOrientations_iPhone = "UIInterfaceOrientationPortrait UIInterfaceOrientationLandscapeLeft UIInterfaceOrientationLandscapeRight";
				LD_RUNPATH_SEARCH_PATHS = (
					"$(inherited)",
					"@executable_path/Frameworks",
				);
				MARKETING_VERSION = 1.0;
				PRODUCT_BUNDLE_IDENTIFIER = iremt.CalculatorApp;
				PRODUCT_NAME = "$(TARGET_NAME)";
				SWIFT_EMIT_LOC_STRINGS = YES;
				SWIFT_VERSION = 5.0;
				TARGETED_DEVICE_FAMILY = "1,2";
			};
			name = Debug;
		};
		0D6DA73C2A58A4D1001BF503 /* Release */ = {
			isa = XCBuildConfiguration;
			buildSettings = {
				ASSETCATALOG_COMPILER_APPICON_NAME = AppIcon;
				ASSETCATALOG_COMPILER_GLOBAL_ACCENT_COLOR_NAME = AccentColor;
				CODE_SIGN_STYLE = Automatic;
				CURRENT_PROJECT_VERSION = 1;
				DEVELOPMENT_TEAM = M7F6RW5JGM;
				GENERATE_INFOPLIST_FILE = YES;
				INFOPLIST_FILE = CalculatorApp/Info.plist;
				INFOPLIST_KEY_UIApplicationSupportsIndirectInputEvents = YES;
				INFOPLIST_KEY_UILaunchStoryboardName = LaunchScreen;
				INFOPLIST_KEY_UISupportedInterfaceOrientations_iPad = "UIInterfaceOrientationPortrait UIInterfaceOrientationPortraitUpsideDown UIInterfaceOrientationLandscapeLeft UIInterfaceOrientationLandscapeRight";
				INFOPLIST_KEY_UISupportedInterfaceOrientations_iPhone = "UIInterfaceOrientationPortrait UIInterfaceOrientationLandscapeLeft UIInterfaceOrientationLandscapeRight";
				LD_RUNPATH_SEARCH_PATHS = (
					"$(inherited)",
					"@executable_path/Frameworks",
				);
				MARKETING_VERSION = 1.0;
				PRODUCT_BUNDLE_IDENTIFIER = iremt.CalculatorApp;
				PRODUCT_NAME = "$(TARGET_NAME)";
				SWIFT_EMIT_LOC_STRINGS = YES;
				SWIFT_VERSION = 5.0;
				TARGETED_DEVICE_FAMILY = "1,2";
			};
			name = Release;
		};
		0D6DA73E2A58A4D1001BF503 /* Debug */ = {
			isa = XCBuildConfiguration;
			buildSettings = {
				ALWAYS_EMBED_SWIFT_STANDARD_LIBRARIES = YES;
				BUNDLE_LOADER = "$(TEST_HOST)";
				CODE_SIGN_STYLE = Automatic;
				CURRENT_PROJECT_VERSION = 1;
				DEVELOPMENT_TEAM = M7F6RW5JGM;
				GENERATE_INFOPLIST_FILE = YES;
				IPHONEOS_DEPLOYMENT_TARGET = 16.4;
				MARKETING_VERSION = 1.0;
				PRODUCT_BUNDLE_IDENTIFIER = iremt.CalculatorAppTests;
				PRODUCT_NAME = "$(TARGET_NAME)";
				SWIFT_EMIT_LOC_STRINGS = NO;
				SWIFT_VERSION = 5.0;
				TARGETED_DEVICE_FAMILY = "1,2";
				TEST_HOST = "$(BUILT_PRODUCTS_DIR)/CalculatorApp.app/$(BUNDLE_EXECUTABLE_FOLDER_PATH)/CalculatorApp";
			};
			name = Debug;
		};
		0D6DA73F2A58A4D1001BF503 /* Release */ = {
			isa = XCBuildConfiguration;
			buildSettings = {
				ALWAYS_EMBED_SWIFT_STANDARD_LIBRARIES = YES;
				BUNDLE_LOADER = "$(TEST_HOST)";
				CODE_SIGN_STYLE = Automatic;
				CURRENT_PROJECT_VERSION = 1;
				DEVELOPMENT_TEAM = M7F6RW5JGM;
				GENERATE_INFOPLIST_FILE = YES;
				IPHONEOS_DEPLOYMENT_TARGET = 16.4;
				MARKETING_VERSION = 1.0;
				PRODUCT_BUNDLE_IDENTIFIER = iremt.CalculatorAppTests;
				PRODUCT_NAME = "$(TARGET_NAME)";
				SWIFT_EMIT_LOC_STRINGS = NO;
				SWIFT_VERSION = 5.0;
				TARGETED_DEVICE_FAMILY = "1,2";
				TEST_HOST = "$(BUILT_PRODUCTS_DIR)/CalculatorApp.app/$(BUNDLE_EXECUTABLE_FOLDER_PATH)/CalculatorApp";
			};
			name = Release;
		};
		0D6DA7412A58A4D1001BF503 /* Debug */ = {
			isa = XCBuildConfiguration;
			buildSettings = {
				ALWAYS_EMBED_SWIFT_STANDARD_LIBRARIES = YES;
				CODE_SIGN_STYLE = Automatic;
				CURRENT_PROJECT_VERSION = 1;
				DEVELOPMENT_TEAM = M7F6RW5JGM;
				GENERATE_INFOPLIST_FILE = YES;
				MARKETING_VERSION = 1.0;
				PRODUCT_BUNDLE_IDENTIFIER = iremt.CalculatorAppUITests;
				PRODUCT_NAME = "$(TARGET_NAME)";
				SWIFT_EMIT_LOC_STRINGS = NO;
				SWIFT_VERSION = 5.0;
				TARGETED_DEVICE_FAMILY = "1,2";
				TEST_TARGET_NAME = CalculatorApp;
			};
			name = Debug;
		};
		0D6DA7422A58A4D1001BF503 /* Release */ = {
			isa = XCBuildConfiguration;
			buildSettings = {
				ALWAYS_EMBED_SWIFT_STANDARD_LIBRARIES = YES;
				CODE_SIGN_STYLE = Automatic;
				CURRENT_PROJECT_VERSION = 1;
				DEVELOPMENT_TEAM = M7F6RW5JGM;
				GENERATE_INFOPLIST_FILE = YES;
				MARKETING_VERSION = 1.0;
				PRODUCT_BUNDLE_IDENTIFIER = iremt.CalculatorAppUITests;
				PRODUCT_NAME = "$(TARGET_NAME)";
				SWIFT_EMIT_LOC_STRINGS = NO;
				SWIFT_VERSION = 5.0;
				TARGETED_DEVICE_FAMILY = "1,2";
				TEST_TARGET_NAME = CalculatorApp;
			};
			name = Release;
		};
/* End XCBuildConfiguration section */

/* Begin XCConfigurationList section */
		0D6DA70B2A58A4CF001BF503 /* Build configuration list for PBXProject "CalculatorApp" */ = {
			isa = XCConfigurationList;
			buildConfigurations = (
				0D6DA7382A58A4D1001BF503 /* Debug */,
				0D6DA7392A58A4D1001BF503 /* Release */,
			);
			defaultConfigurationIsVisible = 0;
			defaultConfigurationName = Release;
		};
		0D6DA73A2A58A4D1001BF503 /* Build configuration list for PBXNativeTarget "CalculatorApp" */ = {
			isa = XCConfigurationList;
			buildConfigurations = (
				0D6DA73B2A58A4D1001BF503 /* Debug */,
				0D6DA73C2A58A4D1001BF503 /* Release */,
			);
			defaultConfigurationIsVisible = 0;
			defaultConfigurationName = Release;
		};
		0D6DA73D2A58A4D1001BF503 /* Build configuration list for PBXNativeTarget "CalculatorAppTests" */ = {
			isa = XCConfigurationList;
			buildConfigurations = (
				0D6DA73E2A58A4D1001BF503 /* Debug */,
				0D6DA73F2A58A4D1001BF503 /* Release */,
			);
			defaultConfigurationIsVisible = 0;
			defaultConfigurationName = Release;
		};
		0D6DA7402A58A4D1001BF503 /* Build configuration list for PBXNativeTarget "CalculatorAppUITests" */ = {
			isa = XCConfigurationList;
			buildConfigurations = (
				0D6DA7412A58A4D1001BF503 /* Debug */,
				0D6DA7422A58A4D1001BF503 /* Release */,
			);
			defaultConfigurationIsVisible = 0;
			defaultConfigurationName = Release;
		};
/* End XCConfigurationList section */
	};
	rootObject = 0D6DA7082A58A4CF001BF503 /* Project object */;
}
